
Microsoft Visual Studio Solution File, Format Version 12.00
# Visual Studio 15
VisualStudioVersion = 15.0.26730.8
MinimumVisualStudioVersion = 10.0.40219.1
Project("{2150E333-8FDC-42A3-9474-1A3956D46DE8}") = "Source", "Source", "{18FD9D16-E851-4EC3-8A30-8BB9E69C2374}"
EndProject
Project("{2150E333-8FDC-42A3-9474-1A3956D46DE8}") = "Tests", "Tests", "{F1AA153A-AAB9-4F0A-8A41-C7ED8FDD0EC5}"
EndProject
Project("{2150E333-8FDC-42A3-9474-1A3956D46DE8}") = "Utility", "Utility", "{EF2FD4E0-777D-4E92-A036-4604D0D14868}"
EndProject
Project("{9A19103F-16F7-4668-BE54-9A1E7A4F7556}") = "CsDebugScript.Engine", "Source\CsDebugScript.Engine\CsDebugScript.Engine.csproj", "{2A7F1646-9B5A-433C-8A84-2215194F59B9}"
EndProject
Project("{9A19103F-16F7-4668-BE54-9A1E7A4F7556}") = "CsDebugScript.Engine.Test", "Tests\CsDebugScript.Engine.Test\CsDebugScript.Engine.Test.csproj", "{B683D8DD-6759-4301-A54A-FAEFE1105416}"
	ProjectSection(ProjectDependencies) = postProject
		{B63C2B4E-EB2E-45FC-93FD-5D6F2077064D} = {B63C2B4E-EB2E-45FC-93FD-5D6F2077064D}
	EndProjectSection
EndProject
Project("{9A19103F-16F7-4668-BE54-9A1E7A4F7556}") = "CreateDbgEngIdl", "Utility\CreateDbgEngIdl\CreateDbgEngIdl.csproj", "{BAD1B3D0-3030-4D19-AA7F-16F62E2D879A}"
EndProject
Project("{9A19103F-16F7-4668-BE54-9A1E7A4F7556}") = "CsDebugScript.CodeGen", "Source\CsDebugScript.CodeGen\CsDebugScript.CodeGen.csproj", "{283A0331-2EAD-4DD2-A3FE-20D229E2D277}"
EndProject
Project("{9A19103F-16F7-4668-BE54-9A1E7A4F7556}") = "CsDebugScript.CommonUserTypes", "Source\CsDebugScript.CommonUserTypes\CsDebugScript.CommonUserTypes.csproj", "{21A929EA-B96B-4523-9D0F-853EA771058D}"
EndProject
Project("{7CF6DF6D-3B04-46F8-A40B-537D21BCA0B4}") = "CsDebugScript.Reference", "Utility\CsDebugScript.Reference\CsDebugScript.Reference.shfbproj", "{7A19DBB3-DA7D-48E8-BCBA-48A727176063}"
	ProjectSection(ProjectDependencies) = postProject
		{283A0331-2EAD-4DD2-A3FE-20D229E2D277} = {283A0331-2EAD-4DD2-A3FE-20D229E2D277}
		{2A7F1646-9B5A-433C-8A84-2215194F59B9} = {2A7F1646-9B5A-433C-8A84-2215194F59B9}
		{B63C2B4E-EB2E-45FC-93FD-5D6F2077064D} = {B63C2B4E-EB2E-45FC-93FD-5D6F2077064D}
		{21A929EA-B96B-4523-9D0F-853EA771058D} = {21A929EA-B96B-4523-9D0F-853EA771058D}
	EndProjectSection
EndProject
Project("{9A19103F-16F7-4668-BE54-9A1E7A4F7556}") = "DebugCmdlets", "Source\DebugCmdlets\DebugCmdlets.csproj", "{1E791857-FBC2-4AC2-ABD7-5CC2AA7D4D59}"
EndProject
Project("{9A19103F-16F7-4668-BE54-9A1E7A4F7556}") = "ExceptionDumper", "Utility\ExceptionDumper\ExceptionDumper.csproj", "{21997EEA-5B04-4B68-A8E6-5BCE8621EF2C}"
	ProjectSection(ProjectDependencies) = postProject
		{BAD1B3D0-3030-4D19-AA7F-16F62E2D879A} = {BAD1B3D0-3030-4D19-AA7F-16F62E2D879A}
	EndProjectSection
EndProject
Project("{9A19103F-16F7-4668-BE54-9A1E7A4F7556}") = "CsDebugScript.UI", "Source\CsDebugScript.UI\CsDebugScript.UI.csproj", "{B63C2B4E-EB2E-45FC-93FD-5D6F2077064D}"
EndProject
Project("{FAE04EC0-301F-11D3-BF4B-00C04F79EFBC}") = "CsDebugScript.VS", "Source\CsDebugScript.VS\CsDebugScript.VS.csproj", "{065A323D-4E36-4414-B85B-D7506DEFC022}"
EndProject
Project("{9A19103F-16F7-4668-BE54-9A1E7A4F7556}") = "ExceptionDumper32", "Utility\ExceptionDumper32\ExceptionDumper32.csproj", "{3147597A-BDB9-4543-B1A7-33B529C3F4AB}"
EndProject
Project("{9A19103F-16F7-4668-BE54-9A1E7A4F7556}") = "CsDebugScript.DwarfSymbolProvider", "Source\CsDebugScript.DwarfSymbolProvider\CsDebugScript.DwarfSymbolProvider.csproj", "{7DA23F60-F5BC-4F59-B00E-072CC464AD64}"
EndProject
Project("{9A19103F-16F7-4668-BE54-9A1E7A4F7556}") = "CsDebugScript.CodeGen.App", "Source\CsDebugScript.CodeGen.App\CsDebugScript.CodeGen.App.csproj", "{F0826881-E3F3-47B3-9716-18001DE8333A}"
EndProject
Project("{9A19103F-16F7-4668-BE54-9A1E7A4F7556}") = "CsDebugScript.DbgEng", "Source\CsDebugScript.DbgEng\CsDebugScript.DbgEng.csproj", "{DE29EE94-EE6E-4BC1-86B4-B67CAC48A0BE}"
	ProjectSection(ProjectDependencies) = postProject
		{BAD1B3D0-3030-4D19-AA7F-16F62E2D879A} = {BAD1B3D0-3030-4D19-AA7F-16F62E2D879A}
	EndProjectSection
EndProject
Project("{9A19103F-16F7-4668-BE54-9A1E7A4F7556}") = "CsDebugScript.DiaSymbolProvider", "Source\CsDebugScript.DiaSymbolProvider\CsDebugScript.DiaSymbolProvider.csproj", "{F8D58D8A-83BA-4701-AC5F-2DB03F640455}"
EndProject
Project("{9A19103F-16F7-4668-BE54-9A1E7A4F7556}") = "CsDebugScript.ClrMdProvider", "Source\CsDebugScript.ClrMdProvider\CsDebugScript.ClrMdProvider.csproj", "{5BE4AA0C-B242-45FD-968F-EB66745A9EFF}"
EndProject
Project("{9A19103F-16F7-4668-BE54-9A1E7A4F7556}") = "CsDebugScript.WinDbg.x64", "Source\CsDebugScript.WinDbg\CsDebugScript.WinDbg.x64.csproj", "{05AFBC66-4049-4E34-934E-60D336FD7098}"
EndProject
Project("{9A19103F-16F7-4668-BE54-9A1E7A4F7556}") = "CsDebugScript.WinDbg.x86", "Source\CsDebugScript.WinDbg\CsDebugScript.WinDbg.x86.csproj", "{D4F1CE3B-ECE3-45F8-81D9-CC2E974583EA}"
EndProject
Project("{9A19103F-16F7-4668-BE54-9A1E7A4F7556}") = "CsDebugScript.Scripting", "Source\CsDebugScript.Scripting\CsDebugScript.Scripting.csproj", "{D89B5395-E81F-4426-9884-6EEAB723F80E}"
EndProject
Project("{9A19103F-16F7-4668-BE54-9A1E7A4F7556}") = "CsDebugScript.UITests", "Tests\CsDebugScript.UITests\CsDebugScript.UITests.csproj", "{83939D6A-D0F8-42A2-BDEC-D9EAD673217D}"
EndProject
Project("{9A19103F-16F7-4668-BE54-9A1E7A4F7556}") = "CsDebugScript.Tests", "Tests\CsDebugScript.Tests\CsDebugScript.Tests.csproj", "{BBACCEFE-2F75-40EB-A366-49E5D702FC0A}"
EndProject
Project("{9A19103F-16F7-4668-BE54-9A1E7A4F7556}") = "CsDebugScript.UI.App", "Source\CsDebugScript.UI.App\CsDebugScript.UI.App.csproj", "{52967235-B70E-4AB2-9764-1CD077BDA316}"
EndProject
Project("{FAE04EC0-301F-11D3-BF4B-00C04F79EFBC}") = "CsDebugScript", "Source\CsDebugScript\CsDebugScript.csproj", "{267C8155-F424-4EF9-A182-3727305B9F77}"
EndProject
Global
	GlobalSection(SolutionConfigurationPlatforms) = preSolution
		Debug|Any CPU = Debug|Any CPU
		Debug|x64 = Debug|x64
		Debug|x86 = Debug|x86
		Release|Any CPU = Release|Any CPU
		Release|x64 = Release|x64
		Release|x86 = Release|x86
	EndGlobalSection
	GlobalSection(ProjectConfigurationPlatforms) = postSolution
		{2A7F1646-9B5A-433C-8A84-2215194F59B9}.Debug|Any CPU.ActiveCfg = Debug|Any CPU
		{2A7F1646-9B5A-433C-8A84-2215194F59B9}.Debug|Any CPU.Build.0 = Debug|Any CPU
		{2A7F1646-9B5A-433C-8A84-2215194F59B9}.Debug|x64.ActiveCfg = Debug|Any CPU
		{2A7F1646-9B5A-433C-8A84-2215194F59B9}.Debug|x64.Build.0 = Debug|Any CPU
		{2A7F1646-9B5A-433C-8A84-2215194F59B9}.Debug|x86.ActiveCfg = Debug|Any CPU
		{2A7F1646-9B5A-433C-8A84-2215194F59B9}.Debug|x86.Build.0 = Debug|Any CPU
		{2A7F1646-9B5A-433C-8A84-2215194F59B9}.Release|Any CPU.ActiveCfg = Release|Any CPU
		{2A7F1646-9B5A-433C-8A84-2215194F59B9}.Release|Any CPU.Build.0 = Release|Any CPU
		{2A7F1646-9B5A-433C-8A84-2215194F59B9}.Release|x64.ActiveCfg = Release|Any CPU
		{2A7F1646-9B5A-433C-8A84-2215194F59B9}.Release|x64.Build.0 = Release|Any CPU
		{2A7F1646-9B5A-433C-8A84-2215194F59B9}.Release|x86.ActiveCfg = Release|Any CPU
		{2A7F1646-9B5A-433C-8A84-2215194F59B9}.Release|x86.Build.0 = Release|Any CPU
		{B683D8DD-6759-4301-A54A-FAEFE1105416}.Debug|Any CPU.ActiveCfg = Debug|Any CPU
		{B683D8DD-6759-4301-A54A-FAEFE1105416}.Debug|Any CPU.Build.0 = Debug|Any CPU
		{B683D8DD-6759-4301-A54A-FAEFE1105416}.Debug|x64.ActiveCfg = Debug|Any CPU
		{B683D8DD-6759-4301-A54A-FAEFE1105416}.Debug|x64.Build.0 = Debug|Any CPU
		{B683D8DD-6759-4301-A54A-FAEFE1105416}.Debug|x86.ActiveCfg = Debug|Any CPU
		{B683D8DD-6759-4301-A54A-FAEFE1105416}.Debug|x86.Build.0 = Debug|Any CPU
		{B683D8DD-6759-4301-A54A-FAEFE1105416}.Release|Any CPU.ActiveCfg = Release|Any CPU
		{B683D8DD-6759-4301-A54A-FAEFE1105416}.Release|Any CPU.Build.0 = Release|Any CPU
		{B683D8DD-6759-4301-A54A-FAEFE1105416}.Release|x64.ActiveCfg = Release|Any CPU
		{B683D8DD-6759-4301-A54A-FAEFE1105416}.Release|x64.Build.0 = Release|Any CPU
		{B683D8DD-6759-4301-A54A-FAEFE1105416}.Release|x86.ActiveCfg = Release|Any CPU
		{B683D8DD-6759-4301-A54A-FAEFE1105416}.Release|x86.Build.0 = Release|Any CPU
		{BAD1B3D0-3030-4D19-AA7F-16F62E2D879A}.Debug|Any CPU.ActiveCfg = Debug|Any CPU
		{BAD1B3D0-3030-4D19-AA7F-16F62E2D879A}.Debug|x64.ActiveCfg = Debug|Any CPU
		{BAD1B3D0-3030-4D19-AA7F-16F62E2D879A}.Debug|x86.ActiveCfg = Debug|Any CPU
		{BAD1B3D0-3030-4D19-AA7F-16F62E2D879A}.Release|Any CPU.ActiveCfg = Release|Any CPU
		{BAD1B3D0-3030-4D19-AA7F-16F62E2D879A}.Release|x64.ActiveCfg = Release|Any CPU
		{BAD1B3D0-3030-4D19-AA7F-16F62E2D879A}.Release|x86.ActiveCfg = Release|Any CPU
		{283A0331-2EAD-4DD2-A3FE-20D229E2D277}.Debug|Any CPU.ActiveCfg = Debug|Any CPU
		{283A0331-2EAD-4DD2-A3FE-20D229E2D277}.Debug|Any CPU.Build.0 = Debug|Any CPU
		{283A0331-2EAD-4DD2-A3FE-20D229E2D277}.Debug|x64.ActiveCfg = Debug|Any CPU
		{283A0331-2EAD-4DD2-A3FE-20D229E2D277}.Debug|x64.Build.0 = Debug|Any CPU
		{283A0331-2EAD-4DD2-A3FE-20D229E2D277}.Debug|x86.ActiveCfg = Debug|Any CPU
		{283A0331-2EAD-4DD2-A3FE-20D229E2D277}.Debug|x86.Build.0 = Debug|Any CPU
		{283A0331-2EAD-4DD2-A3FE-20D229E2D277}.Release|Any CPU.ActiveCfg = Release|Any CPU
		{283A0331-2EAD-4DD2-A3FE-20D229E2D277}.Release|Any CPU.Build.0 = Release|Any CPU
		{283A0331-2EAD-4DD2-A3FE-20D229E2D277}.Release|x64.ActiveCfg = Release|Any CPU
		{283A0331-2EAD-4DD2-A3FE-20D229E2D277}.Release|x64.Build.0 = Release|Any CPU
		{283A0331-2EAD-4DD2-A3FE-20D229E2D277}.Release|x86.ActiveCfg = Release|Any CPU
		{283A0331-2EAD-4DD2-A3FE-20D229E2D277}.Release|x86.Build.0 = Release|Any CPU
		{21A929EA-B96B-4523-9D0F-853EA771058D}.Debug|Any CPU.ActiveCfg = Debug|Any CPU
		{21A929EA-B96B-4523-9D0F-853EA771058D}.Debug|Any CPU.Build.0 = Debug|Any CPU
		{21A929EA-B96B-4523-9D0F-853EA771058D}.Debug|x64.ActiveCfg = Debug|Any CPU
		{21A929EA-B96B-4523-9D0F-853EA771058D}.Debug|x64.Build.0 = Debug|Any CPU
		{21A929EA-B96B-4523-9D0F-853EA771058D}.Debug|x86.ActiveCfg = Debug|Any CPU
		{21A929EA-B96B-4523-9D0F-853EA771058D}.Debug|x86.Build.0 = Debug|Any CPU
		{21A929EA-B96B-4523-9D0F-853EA771058D}.Release|Any CPU.ActiveCfg = Release|Any CPU
		{21A929EA-B96B-4523-9D0F-853EA771058D}.Release|Any CPU.Build.0 = Release|Any CPU
		{21A929EA-B96B-4523-9D0F-853EA771058D}.Release|x64.ActiveCfg = Release|Any CPU
		{21A929EA-B96B-4523-9D0F-853EA771058D}.Release|x64.Build.0 = Release|Any CPU
		{21A929EA-B96B-4523-9D0F-853EA771058D}.Release|x86.ActiveCfg = Release|Any CPU
		{21A929EA-B96B-4523-9D0F-853EA771058D}.Release|x86.Build.0 = Release|Any CPU
		{7A19DBB3-DA7D-48E8-BCBA-48A727176063}.Debug|Any CPU.ActiveCfg = Debug|Any CPU
		{7A19DBB3-DA7D-48E8-BCBA-48A727176063}.Debug|x64.ActiveCfg = Debug|Any CPU
		{7A19DBB3-DA7D-48E8-BCBA-48A727176063}.Debug|x86.ActiveCfg = Debug|Any CPU
		{7A19DBB3-DA7D-48E8-BCBA-48A727176063}.Release|Any CPU.ActiveCfg = Release|Any CPU
		{7A19DBB3-DA7D-48E8-BCBA-48A727176063}.Release|x64.ActiveCfg = Release|Any CPU
		{7A19DBB3-DA7D-48E8-BCBA-48A727176063}.Release|x86.ActiveCfg = Release|Any CPU
		{1E791857-FBC2-4AC2-ABD7-5CC2AA7D4D59}.Debug|Any CPU.ActiveCfg = Debug|Any CPU
		{1E791857-FBC2-4AC2-ABD7-5CC2AA7D4D59}.Debug|Any CPU.Build.0 = Debug|Any CPU
		{1E791857-FBC2-4AC2-ABD7-5CC2AA7D4D59}.Debug|x64.ActiveCfg = Debug|Any CPU
		{1E791857-FBC2-4AC2-ABD7-5CC2AA7D4D59}.Debug|x64.Build.0 = Debug|Any CPU
		{1E791857-FBC2-4AC2-ABD7-5CC2AA7D4D59}.Debug|x86.ActiveCfg = Debug|Any CPU
		{1E791857-FBC2-4AC2-ABD7-5CC2AA7D4D59}.Debug|x86.Build.0 = Debug|Any CPU
		{1E791857-FBC2-4AC2-ABD7-5CC2AA7D4D59}.Release|Any CPU.ActiveCfg = Release|Any CPU
		{1E791857-FBC2-4AC2-ABD7-5CC2AA7D4D59}.Release|Any CPU.Build.0 = Release|Any CPU
		{1E791857-FBC2-4AC2-ABD7-5CC2AA7D4D59}.Release|x64.ActiveCfg = Release|Any CPU
		{1E791857-FBC2-4AC2-ABD7-5CC2AA7D4D59}.Release|x64.Build.0 = Release|Any CPU
		{1E791857-FBC2-4AC2-ABD7-5CC2AA7D4D59}.Release|x86.ActiveCfg = Release|Any CPU
		{1E791857-FBC2-4AC2-ABD7-5CC2AA7D4D59}.Release|x86.Build.0 = Release|Any CPU
		{21997EEA-5B04-4B68-A8E6-5BCE8621EF2C}.Debug|Any CPU.ActiveCfg = Debug|Any CPU
		{21997EEA-5B04-4B68-A8E6-5BCE8621EF2C}.Debug|Any CPU.Build.0 = Debug|Any CPU
		{21997EEA-5B04-4B68-A8E6-5BCE8621EF2C}.Debug|x64.ActiveCfg = Debug|Any CPU
		{21997EEA-5B04-4B68-A8E6-5BCE8621EF2C}.Debug|x64.Build.0 = Debug|Any CPU
		{21997EEA-5B04-4B68-A8E6-5BCE8621EF2C}.Debug|x86.ActiveCfg = Debug|Any CPU
		{21997EEA-5B04-4B68-A8E6-5BCE8621EF2C}.Debug|x86.Build.0 = Debug|Any CPU
		{21997EEA-5B04-4B68-A8E6-5BCE8621EF2C}.Release|Any CPU.ActiveCfg = Release|Any CPU
		{21997EEA-5B04-4B68-A8E6-5BCE8621EF2C}.Release|Any CPU.Build.0 = Release|Any CPU
		{21997EEA-5B04-4B68-A8E6-5BCE8621EF2C}.Release|x64.ActiveCfg = Release|Any CPU
		{21997EEA-5B04-4B68-A8E6-5BCE8621EF2C}.Release|x64.Build.0 = Release|Any CPU
		{21997EEA-5B04-4B68-A8E6-5BCE8621EF2C}.Release|x86.ActiveCfg = Release|Any CPU
		{21997EEA-5B04-4B68-A8E6-5BCE8621EF2C}.Release|x86.Build.0 = Release|Any CPU
		{B63C2B4E-EB2E-45FC-93FD-5D6F2077064D}.Debug|Any CPU.ActiveCfg = Debug|Any CPU
		{B63C2B4E-EB2E-45FC-93FD-5D6F2077064D}.Debug|Any CPU.Build.0 = Debug|Any CPU
		{B63C2B4E-EB2E-45FC-93FD-5D6F2077064D}.Debug|x64.ActiveCfg = Debug|Any CPU
		{B63C2B4E-EB2E-45FC-93FD-5D6F2077064D}.Debug|x64.Build.0 = Debug|Any CPU
		{B63C2B4E-EB2E-45FC-93FD-5D6F2077064D}.Debug|x86.ActiveCfg = Debug|Any CPU
		{B63C2B4E-EB2E-45FC-93FD-5D6F2077064D}.Debug|x86.Build.0 = Debug|Any CPU
		{B63C2B4E-EB2E-45FC-93FD-5D6F2077064D}.Release|Any CPU.ActiveCfg = Release|Any CPU
		{B63C2B4E-EB2E-45FC-93FD-5D6F2077064D}.Release|Any CPU.Build.0 = Release|Any CPU
		{B63C2B4E-EB2E-45FC-93FD-5D6F2077064D}.Release|x64.ActiveCfg = Release|Any CPU
		{B63C2B4E-EB2E-45FC-93FD-5D6F2077064D}.Release|x64.Build.0 = Release|Any CPU
		{B63C2B4E-EB2E-45FC-93FD-5D6F2077064D}.Release|x86.ActiveCfg = Release|Any CPU
		{B63C2B4E-EB2E-45FC-93FD-5D6F2077064D}.Release|x86.Build.0 = Release|Any CPU
		{065A323D-4E36-4414-B85B-D7506DEFC022}.Debug|Any CPU.ActiveCfg = Debug|Any CPU
		{065A323D-4E36-4414-B85B-D7506DEFC022}.Debug|Any CPU.Build.0 = Debug|Any CPU
		{065A323D-4E36-4414-B85B-D7506DEFC022}.Debug|x64.ActiveCfg = Debug|Any CPU
		{065A323D-4E36-4414-B85B-D7506DEFC022}.Debug|x64.Build.0 = Debug|Any CPU
		{065A323D-4E36-4414-B85B-D7506DEFC022}.Debug|x86.ActiveCfg = Debug|Any CPU
		{065A323D-4E36-4414-B85B-D7506DEFC022}.Debug|x86.Build.0 = Debug|Any CPU
		{065A323D-4E36-4414-B85B-D7506DEFC022}.Release|Any CPU.ActiveCfg = Release|Any CPU
		{065A323D-4E36-4414-B85B-D7506DEFC022}.Release|Any CPU.Build.0 = Release|Any CPU
		{065A323D-4E36-4414-B85B-D7506DEFC022}.Release|x64.ActiveCfg = Release|Any CPU
		{065A323D-4E36-4414-B85B-D7506DEFC022}.Release|x64.Build.0 = Release|Any CPU
		{065A323D-4E36-4414-B85B-D7506DEFC022}.Release|x86.ActiveCfg = Release|Any CPU
		{065A323D-4E36-4414-B85B-D7506DEFC022}.Release|x86.Build.0 = Release|Any CPU
		{3147597A-BDB9-4543-B1A7-33B529C3F4AB}.Debug|Any CPU.ActiveCfg = Debug|Any CPU
		{3147597A-BDB9-4543-B1A7-33B529C3F4AB}.Debug|Any CPU.Build.0 = Debug|Any CPU
		{3147597A-BDB9-4543-B1A7-33B529C3F4AB}.Debug|x64.ActiveCfg = Debug|Any CPU
		{3147597A-BDB9-4543-B1A7-33B529C3F4AB}.Debug|x64.Build.0 = Debug|Any CPU
		{3147597A-BDB9-4543-B1A7-33B529C3F4AB}.Debug|x86.ActiveCfg = Debug|Any CPU
		{3147597A-BDB9-4543-B1A7-33B529C3F4AB}.Debug|x86.Build.0 = Debug|Any CPU
		{3147597A-BDB9-4543-B1A7-33B529C3F4AB}.Release|Any CPU.ActiveCfg = Release|Any CPU
		{3147597A-BDB9-4543-B1A7-33B529C3F4AB}.Release|Any CPU.Build.0 = Release|Any CPU
		{3147597A-BDB9-4543-B1A7-33B529C3F4AB}.Release|x64.ActiveCfg = Release|Any CPU
		{3147597A-BDB9-4543-B1A7-33B529C3F4AB}.Release|x64.Build.0 = Release|Any CPU
		{3147597A-BDB9-4543-B1A7-33B529C3F4AB}.Release|x86.ActiveCfg = Release|Any CPU
		{3147597A-BDB9-4543-B1A7-33B529C3F4AB}.Release|x86.Build.0 = Release|Any CPU
		{7DA23F60-F5BC-4F59-B00E-072CC464AD64}.Debug|Any CPU.ActiveCfg = Debug|Any CPU
		{7DA23F60-F5BC-4F59-B00E-072CC464AD64}.Debug|Any CPU.Build.0 = Debug|Any CPU
		{7DA23F60-F5BC-4F59-B00E-072CC464AD64}.Debug|x64.ActiveCfg = Debug|Any CPU
		{7DA23F60-F5BC-4F59-B00E-072CC464AD64}.Debug|x64.Build.0 = Debug|Any CPU
		{7DA23F60-F5BC-4F59-B00E-072CC464AD64}.Debug|x86.ActiveCfg = Debug|Any CPU
		{7DA23F60-F5BC-4F59-B00E-072CC464AD64}.Debug|x86.Build.0 = Debug|Any CPU
		{7DA23F60-F5BC-4F59-B00E-072CC464AD64}.Release|Any CPU.ActiveCfg = Release|Any CPU
		{7DA23F60-F5BC-4F59-B00E-072CC464AD64}.Release|Any CPU.Build.0 = Release|Any CPU
		{7DA23F60-F5BC-4F59-B00E-072CC464AD64}.Release|x64.ActiveCfg = Release|Any CPU
		{7DA23F60-F5BC-4F59-B00E-072CC464AD64}.Release|x64.Build.0 = Release|Any CPU
		{7DA23F60-F5BC-4F59-B00E-072CC464AD64}.Release|x86.ActiveCfg = Release|Any CPU
		{7DA23F60-F5BC-4F59-B00E-072CC464AD64}.Release|x86.Build.0 = Release|Any CPU
		{F0826881-E3F3-47B3-9716-18001DE8333A}.Debug|Any CPU.ActiveCfg = Debug|Any CPU
		{F0826881-E3F3-47B3-9716-18001DE8333A}.Debug|Any CPU.Build.0 = Debug|Any CPU
		{F0826881-E3F3-47B3-9716-18001DE8333A}.Debug|x64.ActiveCfg = Debug|Any CPU
		{F0826881-E3F3-47B3-9716-18001DE8333A}.Debug|x64.Build.0 = Debug|Any CPU
		{F0826881-E3F3-47B3-9716-18001DE8333A}.Debug|x86.ActiveCfg = Debug|Any CPU
		{F0826881-E3F3-47B3-9716-18001DE8333A}.Debug|x86.Build.0 = Debug|Any CPU
		{F0826881-E3F3-47B3-9716-18001DE8333A}.Release|Any CPU.ActiveCfg = Release|Any CPU
		{F0826881-E3F3-47B3-9716-18001DE8333A}.Release|Any CPU.Build.0 = Release|Any CPU
		{F0826881-E3F3-47B3-9716-18001DE8333A}.Release|x64.ActiveCfg = Release|Any CPU
		{F0826881-E3F3-47B3-9716-18001DE8333A}.Release|x64.Build.0 = Release|Any CPU
		{F0826881-E3F3-47B3-9716-18001DE8333A}.Release|x86.ActiveCfg = Release|Any CPU
		{F0826881-E3F3-47B3-9716-18001DE8333A}.Release|x86.Build.0 = Release|Any CPU
		{DE29EE94-EE6E-4BC1-86B4-B67CAC48A0BE}.Debug|Any CPU.ActiveCfg = Debug|Any CPU
		{DE29EE94-EE6E-4BC1-86B4-B67CAC48A0BE}.Debug|Any CPU.Build.0 = Debug|Any CPU
		{DE29EE94-EE6E-4BC1-86B4-B67CAC48A0BE}.Debug|x64.ActiveCfg = Debug|Any CPU
		{DE29EE94-EE6E-4BC1-86B4-B67CAC48A0BE}.Debug|x64.Build.0 = Debug|Any CPU
		{DE29EE94-EE6E-4BC1-86B4-B67CAC48A0BE}.Debug|x86.ActiveCfg = Debug|Any CPU
		{DE29EE94-EE6E-4BC1-86B4-B67CAC48A0BE}.Debug|x86.Build.0 = Debug|Any CPU
		{DE29EE94-EE6E-4BC1-86B4-B67CAC48A0BE}.Release|Any CPU.ActiveCfg = Release|Any CPU
		{DE29EE94-EE6E-4BC1-86B4-B67CAC48A0BE}.Release|Any CPU.Build.0 = Release|Any CPU
		{DE29EE94-EE6E-4BC1-86B4-B67CAC48A0BE}.Release|x64.ActiveCfg = Release|Any CPU
		{DE29EE94-EE6E-4BC1-86B4-B67CAC48A0BE}.Release|x64.Build.0 = Release|Any CPU
		{DE29EE94-EE6E-4BC1-86B4-B67CAC48A0BE}.Release|x86.ActiveCfg = Release|Any CPU
		{DE29EE94-EE6E-4BC1-86B4-B67CAC48A0BE}.Release|x86.Build.0 = Release|Any CPU
		{F8D58D8A-83BA-4701-AC5F-2DB03F640455}.Debug|Any CPU.ActiveCfg = Debug|Any CPU
		{F8D58D8A-83BA-4701-AC5F-2DB03F640455}.Debug|Any CPU.Build.0 = Debug|Any CPU
		{F8D58D8A-83BA-4701-AC5F-2DB03F640455}.Debug|x64.ActiveCfg = Debug|Any CPU
		{F8D58D8A-83BA-4701-AC5F-2DB03F640455}.Debug|x64.Build.0 = Debug|Any CPU
		{F8D58D8A-83BA-4701-AC5F-2DB03F640455}.Debug|x86.ActiveCfg = Debug|Any CPU
		{F8D58D8A-83BA-4701-AC5F-2DB03F640455}.Debug|x86.Build.0 = Debug|Any CPU
		{F8D58D8A-83BA-4701-AC5F-2DB03F640455}.Release|Any CPU.ActiveCfg = Release|Any CPU
		{F8D58D8A-83BA-4701-AC5F-2DB03F640455}.Release|Any CPU.Build.0 = Release|Any CPU
		{F8D58D8A-83BA-4701-AC5F-2DB03F640455}.Release|x64.ActiveCfg = Release|Any CPU
		{F8D58D8A-83BA-4701-AC5F-2DB03F640455}.Release|x64.Build.0 = Release|Any CPU
		{F8D58D8A-83BA-4701-AC5F-2DB03F640455}.Release|x86.ActiveCfg = Release|Any CPU
		{F8D58D8A-83BA-4701-AC5F-2DB03F640455}.Release|x86.Build.0 = Release|Any CPU
		{5BE4AA0C-B242-45FD-968F-EB66745A9EFF}.Debug|Any CPU.ActiveCfg = Debug|Any CPU
		{5BE4AA0C-B242-45FD-968F-EB66745A9EFF}.Debug|Any CPU.Build.0 = Debug|Any CPU
		{5BE4AA0C-B242-45FD-968F-EB66745A9EFF}.Debug|x64.ActiveCfg = Debug|Any CPU
		{5BE4AA0C-B242-45FD-968F-EB66745A9EFF}.Debug|x64.Build.0 = Debug|Any CPU
		{5BE4AA0C-B242-45FD-968F-EB66745A9EFF}.Debug|x86.ActiveCfg = Debug|Any CPU
		{5BE4AA0C-B242-45FD-968F-EB66745A9EFF}.Debug|x86.Build.0 = Debug|Any CPU
		{5BE4AA0C-B242-45FD-968F-EB66745A9EFF}.Release|Any CPU.ActiveCfg = Release|Any CPU
		{5BE4AA0C-B242-45FD-968F-EB66745A9EFF}.Release|Any CPU.Build.0 = Release|Any CPU
		{5BE4AA0C-B242-45FD-968F-EB66745A9EFF}.Release|x64.ActiveCfg = Release|Any CPU
		{5BE4AA0C-B242-45FD-968F-EB66745A9EFF}.Release|x64.Build.0 = Release|Any CPU
		{5BE4AA0C-B242-45FD-968F-EB66745A9EFF}.Release|x86.ActiveCfg = Release|Any CPU
		{5BE4AA0C-B242-45FD-968F-EB66745A9EFF}.Release|x86.Build.0 = Release|Any CPU
		{05AFBC66-4049-4E34-934E-60D336FD7098}.Debug|Any CPU.ActiveCfg = Debug|Any CPU
		{05AFBC66-4049-4E34-934E-60D336FD7098}.Debug|Any CPU.Build.0 = Debug|Any CPU
		{05AFBC66-4049-4E34-934E-60D336FD7098}.Debug|x64.ActiveCfg = Debug|Any CPU
		{05AFBC66-4049-4E34-934E-60D336FD7098}.Debug|x64.Build.0 = Debug|Any CPU
		{05AFBC66-4049-4E34-934E-60D336FD7098}.Debug|x86.ActiveCfg = Debug|Any CPU
		{05AFBC66-4049-4E34-934E-60D336FD7098}.Debug|x86.Build.0 = Debug|Any CPU
		{05AFBC66-4049-4E34-934E-60D336FD7098}.Release|Any CPU.ActiveCfg = Release|Any CPU
		{05AFBC66-4049-4E34-934E-60D336FD7098}.Release|Any CPU.Build.0 = Release|Any CPU
		{05AFBC66-4049-4E34-934E-60D336FD7098}.Release|x64.ActiveCfg = Release|Any CPU
		{05AFBC66-4049-4E34-934E-60D336FD7098}.Release|x64.Build.0 = Release|Any CPU
		{05AFBC66-4049-4E34-934E-60D336FD7098}.Release|x86.ActiveCfg = Release|Any CPU
		{05AFBC66-4049-4E34-934E-60D336FD7098}.Release|x86.Build.0 = Release|Any CPU
		{D4F1CE3B-ECE3-45F8-81D9-CC2E974583EA}.Debug|Any CPU.ActiveCfg = Debug|Any CPU
		{D4F1CE3B-ECE3-45F8-81D9-CC2E974583EA}.Debug|Any CPU.Build.0 = Debug|Any CPU
		{D4F1CE3B-ECE3-45F8-81D9-CC2E974583EA}.Debug|x64.ActiveCfg = Debug|Any CPU
		{D4F1CE3B-ECE3-45F8-81D9-CC2E974583EA}.Debug|x64.Build.0 = Debug|Any CPU
		{D4F1CE3B-ECE3-45F8-81D9-CC2E974583EA}.Debug|x86.ActiveCfg = Debug|Any CPU
		{D4F1CE3B-ECE3-45F8-81D9-CC2E974583EA}.Debug|x86.Build.0 = Debug|Any CPU
		{D4F1CE3B-ECE3-45F8-81D9-CC2E974583EA}.Release|Any CPU.ActiveCfg = Release|Any CPU
		{D4F1CE3B-ECE3-45F8-81D9-CC2E974583EA}.Release|Any CPU.Build.0 = Release|Any CPU
		{D4F1CE3B-ECE3-45F8-81D9-CC2E974583EA}.Release|x64.ActiveCfg = Release|Any CPU
		{D4F1CE3B-ECE3-45F8-81D9-CC2E974583EA}.Release|x64.Build.0 = Release|Any CPU
		{D4F1CE3B-ECE3-45F8-81D9-CC2E974583EA}.Release|x86.ActiveCfg = Release|Any CPU
		{D4F1CE3B-ECE3-45F8-81D9-CC2E974583EA}.Release|x86.Build.0 = Release|Any CPU
		{D89B5395-E81F-4426-9884-6EEAB723F80E}.Debug|Any CPU.ActiveCfg = Debug|Any CPU
		{D89B5395-E81F-4426-9884-6EEAB723F80E}.Debug|Any CPU.Build.0 = Debug|Any CPU
		{D89B5395-E81F-4426-9884-6EEAB723F80E}.Debug|x64.ActiveCfg = Debug|Any CPU
		{D89B5395-E81F-4426-9884-6EEAB723F80E}.Debug|x64.Build.0 = Debug|Any CPU
		{D89B5395-E81F-4426-9884-6EEAB723F80E}.Debug|x86.ActiveCfg = Debug|Any CPU
		{D89B5395-E81F-4426-9884-6EEAB723F80E}.Debug|x86.Build.0 = Debug|Any CPU
		{D89B5395-E81F-4426-9884-6EEAB723F80E}.Release|Any CPU.ActiveCfg = Release|Any CPU
		{D89B5395-E81F-4426-9884-6EEAB723F80E}.Release|Any CPU.Build.0 = Release|Any CPU
		{D89B5395-E81F-4426-9884-6EEAB723F80E}.Release|x64.ActiveCfg = Release|Any CPU
		{D89B5395-E81F-4426-9884-6EEAB723F80E}.Release|x64.Build.0 = Release|Any CPU
		{D89B5395-E81F-4426-9884-6EEAB723F80E}.Release|x86.ActiveCfg = Release|Any CPU
		{D89B5395-E81F-4426-9884-6EEAB723F80E}.Release|x86.Build.0 = Release|Any CPU
		{83939D6A-D0F8-42A2-BDEC-D9EAD673217D}.Debug|Any CPU.ActiveCfg = Debug|Any CPU
		{83939D6A-D0F8-42A2-BDEC-D9EAD673217D}.Debug|Any CPU.Build.0 = Debug|Any CPU
		{83939D6A-D0F8-42A2-BDEC-D9EAD673217D}.Debug|x64.ActiveCfg = Debug|Any CPU
		{83939D6A-D0F8-42A2-BDEC-D9EAD673217D}.Debug|x64.Build.0 = Debug|Any CPU
		{83939D6A-D0F8-42A2-BDEC-D9EAD673217D}.Debug|x86.ActiveCfg = Debug|Any CPU
		{83939D6A-D0F8-42A2-BDEC-D9EAD673217D}.Debug|x86.Build.0 = Debug|Any CPU
		{83939D6A-D0F8-42A2-BDEC-D9EAD673217D}.Release|Any CPU.ActiveCfg = Release|Any CPU
		{83939D6A-D0F8-42A2-BDEC-D9EAD673217D}.Release|Any CPU.Build.0 = Release|Any CPU
		{83939D6A-D0F8-42A2-BDEC-D9EAD673217D}.Release|x64.ActiveCfg = Release|Any CPU
		{83939D6A-D0F8-42A2-BDEC-D9EAD673217D}.Release|x64.Build.0 = Release|Any CPU
		{83939D6A-D0F8-42A2-BDEC-D9EAD673217D}.Release|x86.ActiveCfg = Release|Any CPU
		{83939D6A-D0F8-42A2-BDEC-D9EAD673217D}.Release|x86.Build.0 = Release|Any CPU
		{BBACCEFE-2F75-40EB-A366-49E5D702FC0A}.Debug|Any CPU.ActiveCfg = Debug|Any CPU
		{BBACCEFE-2F75-40EB-A366-49E5D702FC0A}.Debug|Any CPU.Build.0 = Debug|Any CPU
		{BBACCEFE-2F75-40EB-A366-49E5D702FC0A}.Debug|x64.ActiveCfg = Debug|Any CPU
		{BBACCEFE-2F75-40EB-A366-49E5D702FC0A}.Debug|x64.Build.0 = Debug|Any CPU
		{BBACCEFE-2F75-40EB-A366-49E5D702FC0A}.Debug|x86.ActiveCfg = Debug|Any CPU
		{BBACCEFE-2F75-40EB-A366-49E5D702FC0A}.Debug|x86.Build.0 = Debug|Any CPU
		{BBACCEFE-2F75-40EB-A366-49E5D702FC0A}.Release|Any CPU.ActiveCfg = Release|Any CPU
		{BBACCEFE-2F75-40EB-A366-49E5D702FC0A}.Release|Any CPU.Build.0 = Release|Any CPU
		{BBACCEFE-2F75-40EB-A366-49E5D702FC0A}.Release|x64.ActiveCfg = Release|Any CPU
		{BBACCEFE-2F75-40EB-A366-49E5D702FC0A}.Release|x64.Build.0 = Release|Any CPU
		{BBACCEFE-2F75-40EB-A366-49E5D702FC0A}.Release|x86.ActiveCfg = Release|Any CPU
		{BBACCEFE-2F75-40EB-A366-49E5D702FC0A}.Release|x86.Build.0 = Release|Any CPU
		{52967235-B70E-4AB2-9764-1CD077BDA316}.Debug|Any CPU.ActiveCfg = Debug|Any CPU
		{52967235-B70E-4AB2-9764-1CD077BDA316}.Debug|Any CPU.Build.0 = Debug|Any CPU
		{52967235-B70E-4AB2-9764-1CD077BDA316}.Debug|x64.ActiveCfg = Debug|Any CPU
		{52967235-B70E-4AB2-9764-1CD077BDA316}.Debug|x64.Build.0 = Debug|Any CPU
		{52967235-B70E-4AB2-9764-1CD077BDA316}.Debug|x86.ActiveCfg = Debug|Any CPU
		{52967235-B70E-4AB2-9764-1CD077BDA316}.Debug|x86.Build.0 = Debug|Any CPU
		{52967235-B70E-4AB2-9764-1CD077BDA316}.Release|Any CPU.ActiveCfg = Release|Any CPU
		{52967235-B70E-4AB2-9764-1CD077BDA316}.Release|Any CPU.Build.0 = Release|Any CPU
		{52967235-B70E-4AB2-9764-1CD077BDA316}.Release|x64.ActiveCfg = Release|Any CPU
		{52967235-B70E-4AB2-9764-1CD077BDA316}.Release|x64.Build.0 = Release|Any CPU
		{52967235-B70E-4AB2-9764-1CD077BDA316}.Release|x86.ActiveCfg = Release|Any CPU
		{52967235-B70E-4AB2-9764-1CD077BDA316}.Release|x86.Build.0 = Release|Any CPU
		{267C8155-F424-4EF9-A182-3727305B9F77}.Debug|Any CPU.ActiveCfg = Debug|Any CPU
		{267C8155-F424-4EF9-A182-3727305B9F77}.Debug|Any CPU.Build.0 = Debug|Any CPU
		{267C8155-F424-4EF9-A182-3727305B9F77}.Debug|x64.ActiveCfg = Debug|Any CPU
		{267C8155-F424-4EF9-A182-3727305B9F77}.Debug|x64.Build.0 = Debug|Any CPU
		{267C8155-F424-4EF9-A182-3727305B9F77}.Debug|x86.ActiveCfg = Debug|Any CPU
		{267C8155-F424-4EF9-A182-3727305B9F77}.Debug|x86.Build.0 = Debug|Any CPU
		{267C8155-F424-4EF9-A182-3727305B9F77}.Release|Any CPU.ActiveCfg = Release|Any CPU
		{267C8155-F424-4EF9-A182-3727305B9F77}.Release|Any CPU.Build.0 = Release|Any CPU
		{267C8155-F424-4EF9-A182-3727305B9F77}.Release|x64.ActiveCfg = Release|Any CPU
		{267C8155-F424-4EF9-A182-3727305B9F77}.Release|x64.Build.0 = Release|Any CPU
		{267C8155-F424-4EF9-A182-3727305B9F77}.Release|x86.ActiveCfg = Release|Any CPU
		{267C8155-F424-4EF9-A182-3727305B9F77}.Release|x86.Build.0 = Release|Any CPU
	EndGlobalSection
	GlobalSection(SolutionProperties) = preSolution
		HideSolutionNode = FALSE
	EndGlobalSection
	GlobalSection(NestedProjects) = preSolution
		{2A7F1646-9B5A-433C-8A84-2215194F59B9} = {18FD9D16-E851-4EC3-8A30-8BB9E69C2374}
		{B683D8DD-6759-4301-A54A-FAEFE1105416} = {F1AA153A-AAB9-4F0A-8A41-C7ED8FDD0EC5}
		{BAD1B3D0-3030-4D19-AA7F-16F62E2D879A} = {EF2FD4E0-777D-4E92-A036-4604D0D14868}
		{283A0331-2EAD-4DD2-A3FE-20D229E2D277} = {18FD9D16-E851-4EC3-8A30-8BB9E69C2374}
		{21A929EA-B96B-4523-9D0F-853EA771058D} = {18FD9D16-E851-4EC3-8A30-8BB9E69C2374}
		{7A19DBB3-DA7D-48E8-BCBA-48A727176063} = {EF2FD4E0-777D-4E92-A036-4604D0D14868}
		{1E791857-FBC2-4AC2-ABD7-5CC2AA7D4D59} = {18FD9D16-E851-4EC3-8A30-8BB9E69C2374}
		{21997EEA-5B04-4B68-A8E6-5BCE8621EF2C} = {EF2FD4E0-777D-4E92-A036-4604D0D14868}
		{B63C2B4E-EB2E-45FC-93FD-5D6F2077064D} = {18FD9D16-E851-4EC3-8A30-8BB9E69C2374}
		{065A323D-4E36-4414-B85B-D7506DEFC022} = {18FD9D16-E851-4EC3-8A30-8BB9E69C2374}
		{3147597A-BDB9-4543-B1A7-33B529C3F4AB} = {EF2FD4E0-777D-4E92-A036-4604D0D14868}
		{7DA23F60-F5BC-4F59-B00E-072CC464AD64} = {18FD9D16-E851-4EC3-8A30-8BB9E69C2374}
		{F0826881-E3F3-47B3-9716-18001DE8333A} = {18FD9D16-E851-4EC3-8A30-8BB9E69C2374}
		{DE29EE94-EE6E-4BC1-86B4-B67CAC48A0BE} = {18FD9D16-E851-4EC3-8A30-8BB9E69C2374}
		{F8D58D8A-83BA-4701-AC5F-2DB03F640455} = {18FD9D16-E851-4EC3-8A30-8BB9E69C2374}
		{5BE4AA0C-B242-45FD-968F-EB66745A9EFF} = {18FD9D16-E851-4EC3-8A30-8BB9E69C2374}
		{05AFBC66-4049-4E34-934E-60D336FD7098} = {18FD9D16-E851-4EC3-8A30-8BB9E69C2374}
		{D4F1CE3B-ECE3-45F8-81D9-CC2E974583EA} = {18FD9D16-E851-4EC3-8A30-8BB9E69C2374}
		{D89B5395-E81F-4426-9884-6EEAB723F80E} = {18FD9D16-E851-4EC3-8A30-8BB9E69C2374}
		{83939D6A-D0F8-42A2-BDEC-D9EAD673217D} = {F1AA153A-AAB9-4F0A-8A41-C7ED8FDD0EC5}
		{BBACCEFE-2F75-40EB-A366-49E5D702FC0A} = {F1AA153A-AAB9-4F0A-8A41-C7ED8FDD0EC5}
		{52967235-B70E-4AB2-9764-1CD077BDA316} = {18FD9D16-E851-4EC3-8A30-8BB9E69C2374}
		{267C8155-F424-4EF9-A182-3727305B9F77} = {18FD9D16-E851-4EC3-8A30-8BB9E69C2374}
	EndGlobalSection
	GlobalSection(ExtensibilityGlobals) = postSolution
		SolutionGuid = {9EE35CEC-B6D7-4442-BD27-F74972D115AE}
	EndGlobalSection
EndGlobal
